// !$*UTF8*$!
{
	archiveVersion = 1;
	classes = {
	};
	objectVersion = 56;
	objects = {

/* Begin PBXBuildFile section */
		5F220D472C06451A003E70C7 /* Nunito-ExtraBold.ttf in Resources */ = {isa = PBXBuildFile; fileRef = 5F220D462C06451A003E70C7 /* Nunito-ExtraBold.ttf */; };
		5F23FBE92ABE257300417468 /* AppDelegate.swift in Sources */ = {isa = PBXBuildFile; fileRef = 5F23FBE82ABE257300417468 /* AppDelegate.swift */; };
		5F23FBEB2ABE257300417468 /* GameScene.sks in Resources */ = {isa = PBXBuildFile; fileRef = 5F23FBEA2ABE257300417468 /* GameScene.sks */; };
		5F23FBED2ABE257300417468 /* Actions.sks in Resources */ = {isa = PBXBuildFile; fileRef = 5F23FBEC2ABE257300417468 /* Actions.sks */; };
		5F23FBEF2ABE257300417468 /* GameScene.swift in Sources */ = {isa = PBXBuildFile; fileRef = 5F23FBEE2ABE257300417468 /* GameScene.swift */; };
		5F23FBF12ABE257300417468 /* GameViewController.swift in Sources */ = {isa = PBXBuildFile; fileRef = 5F23FBF02ABE257300417468 /* GameViewController.swift */; };
		5F23FBF42ABE257300417468 /* Main.storyboard in Resources */ = {isa = PBXBuildFile; fileRef = 5F23FBF22ABE257300417468 /* Main.storyboard */; };
		5F23FBF62ABE257400417468 /* Assets.xcassets in Resources */ = {isa = PBXBuildFile; fileRef = 5F23FBF52ABE257400417468 /* Assets.xcassets */; };
		5F23FBF92ABE257400417468 /* LaunchScreen.storyboard in Resources */ = {isa = PBXBuildFile; fileRef = 5F23FBF72ABE257400417468 /* LaunchScreen.storyboard */; };
		5F23FC032ABE257400417468 /* balda_2Tests.swift in Sources */ = {isa = PBXBuildFile; fileRef = 5F23FC022ABE257400417468 /* balda_2Tests.swift */; };
		5F23FC0D2ABE257400417468 /* balda_2UITests.swift in Sources */ = {isa = PBXBuildFile; fileRef = 5F23FC0C2ABE257400417468 /* balda_2UITests.swift */; };
		5F23FC0F2ABE257400417468 /* balda_2UITestsLaunchTests.swift in Sources */ = {isa = PBXBuildFile; fileRef = 5F23FC0E2ABE257400417468 /* balda_2UITestsLaunchTests.swift */; };
		5F23FC1C2ABE280100417468 /* CustomView.swift in Sources */ = {isa = PBXBuildFile; fileRef = 5F23FC1B2ABE280100417468 /* CustomView.swift */; };
		5F3294902BE7B379006DF3D1 /* Wrapper.swift in Sources */ = {isa = PBXBuildFile; fileRef = 5F32948F2BE7B379006DF3D1 /* Wrapper.swift */; };
		5F34A72D2B1368F800CFFA3D /* OvalTextLabel.swift in Sources */ = {isa = PBXBuildFile; fileRef = 5F34A72C2B1368F800CFFA3D /* OvalTextLabel.swift */; };
		5F3946AC2AE9924700C8C648 /* ScoreBoard.swift in Sources */ = {isa = PBXBuildFile; fileRef = 5F3946AB2AE9924700C8C648 /* ScoreBoard.swift */; };
		5F4D8DF12C023FB200A19896 /* UserDialog.swift in Sources */ = {isa = PBXBuildFile; fileRef = 5F4D8DF02C023FB200A19896 /* UserDialog.swift */; };
		5F5ABE552BF0FD8E00CC4688 /* balda.xcstrings in Resources */ = {isa = PBXBuildFile; fileRef = 5F5ABE542BF0FD8E00CC4688 /* balda.xcstrings */; };
		5F8231F22BFB462B005BF53B /* UIImageExt.swift in Sources */ = {isa = PBXBuildFile; fileRef = 5F8231F12BFB462B005BF53B /* UIImageExt.swift */; };
		5F967F092AF6E7FD00F49502 /* StartMenuViewConvtroller.swift in Sources */ = {isa = PBXBuildFile; fileRef = 5F967F082AF6E7FD00F49502 /* StartMenuViewConvtroller.swift */; };
		5F967F0B2B00CD5200F49502 /* HintWindow.swift in Sources */ = {isa = PBXBuildFile; fileRef = 5F967F0A2B00CD5200F49502 /* HintWindow.swift */; };
		5FA8D4EA2AD0B52D0003C97A /* GameState.swift in Sources */ = {isa = PBXBuildFile; fileRef = 5FA8D4E92AD0B52D0003C97A /* GameState.swift */; };
		5FA8D4EC2AD289550003C97A /* BottomPanelView.swift in Sources */ = {isa = PBXBuildFile; fileRef = 5FA8D4EB2AD289550003C97A /* BottomPanelView.swift */; };
		5FC87BEF2ABF7C2200C9D0AC /* GridView.swift in Sources */ = {isa = PBXBuildFile; fileRef = 5FC87BEE2ABF7C2200C9D0AC /* GridView.swift */; };
		5FC87BF12ABF7CBE00C9D0AC /* Game.swift in Sources */ = {isa = PBXBuildFile; fileRef = 5FC87BF02ABF7CBE00C9D0AC /* Game.swift */; };
		5FC87BF32ABF839A00C9D0AC /* LetterKeyboardView.swift in Sources */ = {isa = PBXBuildFile; fileRef = 5FC87BF22ABF839A00C9D0AC /* LetterKeyboardView.swift */; };
		5FC87BF52AC4446000C9D0AC /* Words.swift in Sources */ = {isa = PBXBuildFile; fileRef = 5FC87BF42AC4446000C9D0AC /* Words.swift */; };
		5FC87BF72AC4AF6D00C9D0AC /* Search.swift in Sources */ = {isa = PBXBuildFile; fileRef = 5FC87BF62AC4AF6D00C9D0AC /* Search.swift */; };
		5FC87BF92AC4AFD600C9D0AC /* Constants.swift in Sources */ = {isa = PBXBuildFile; fileRef = 5FC87BF82AC4AFD600C9D0AC /* Constants.swift */; };
		5FC87BFB2AC8A97800C9D0AC /* CompOpponent.swift in Sources */ = {isa = PBXBuildFile; fileRef = 5FC87BFA2AC8A97800C9D0AC /* CompOpponent.swift */; };
		5FC87BFD2AC9F3E600C9D0AC /* LocalOpponent.swift in Sources */ = {isa = PBXBuildFile; fileRef = 5FC87BFC2AC9F3E600C9D0AC /* LocalOpponent.swift */; };
		5FC87BFF2AC9F43600C9D0AC /* Opponent.swift in Sources */ = {isa = PBXBuildFile; fileRef = 5FC87BFE2AC9F43600C9D0AC /* Opponent.swift */; };
		5FF6D5872BDE4C0800E160E9 /* Score.swift in Sources */ = {isa = PBXBuildFile; fileRef = 5FF6D5862BDE4C0800E160E9 /* Score.swift */; };
		5FF796E82B00F30A00D8437D /* AppDelegate.swift in Sources */ = {isa = PBXBuildFile; fileRef = 5FF796E72B00F30A00D8437D /* AppDelegate.swift */; };
		5FF796EA2B00F30A00D8437D /* GameScene.sks in Resources */ = {isa = PBXBuildFile; fileRef = 5FF796E92B00F30A00D8437D /* GameScene.sks */; };
		5FF796EC2B00F30A00D8437D /* Actions.sks in Resources */ = {isa = PBXBuildFile; fileRef = 5FF796EB2B00F30A00D8437D /* Actions.sks */; };
		5FF796EE2B00F30A00D8437D /* GameScene.swift in Sources */ = {isa = PBXBuildFile; fileRef = 5FF796ED2B00F30A00D8437D /* GameScene.swift */; };
		5FF796F02B00F30A00D8437D /* GameViewController.swift in Sources */ = {isa = PBXBuildFile; fileRef = 5FF796EF2B00F30A00D8437D /* GameViewController.swift */; };
		5FF796F32B00F30A00D8437D /* Main.storyboard in Resources */ = {isa = PBXBuildFile; fileRef = 5FF796F12B00F30A00D8437D /* Main.storyboard */; };
		5FF796F52B00F30B00D8437D /* Assets.xcassets in Resources */ = {isa = PBXBuildFile; fileRef = 5FF796F42B00F30B00D8437D /* Assets.xcassets */; };
		5FF796F82B00F30B00D8437D /* LaunchScreen.storyboard in Resources */ = {isa = PBXBuildFile; fileRef = 5FF796F62B00F30B00D8437D /* LaunchScreen.storyboard */; };
		5FF797022B00F30B00D8437D /* _234456Tests.swift in Sources */ = {isa = PBXBuildFile; fileRef = 5FF797012B00F30B00D8437D /* _234456Tests.swift */; };
		5FF7970C2B00F30B00D8437D /* _234456UITests.swift in Sources */ = {isa = PBXBuildFile; fileRef = 5FF7970B2B00F30B00D8437D /* _234456UITests.swift */; };
		5FF7970E2B00F30B00D8437D /* _234456UITestsLaunchTests.swift in Sources */ = {isa = PBXBuildFile; fileRef = 5FF7970D2B00F30B00D8437D /* _234456UITestsLaunchTests.swift */; };
		5FFC5A5B2BF884F700FF4DB4 /* Localized.swift in Sources */ = {isa = PBXBuildFile; fileRef = 5FFC5A5A2BF884F700FF4DB4 /* Localized.swift */; };
		5FFCD0B02BED145400031A77 /* UIColor.swift in Sources */ = {isa = PBXBuildFile; fileRef = 5FFCD0AF2BED145400031A77 /* UIColor.swift */; };
/* End PBXBuildFile section */

/* Begin PBXContainerItemProxy section */
		5F23FBFF2ABE257400417468 /* PBXContainerItemProxy */ = {
			isa = PBXContainerItemProxy;
			containerPortal = 5F23FBDD2ABE257300417468 /* Project object */;
			proxyType = 1;
			remoteGlobalIDString = 5F23FBE42ABE257300417468;
			remoteInfo = "balda-2";
		};
		5F23FC092ABE257400417468 /* PBXContainerItemProxy */ = {
			isa = PBXContainerItemProxy;
			containerPortal = 5F23FBDD2ABE257300417468 /* Project object */;
			proxyType = 1;
			remoteGlobalIDString = 5F23FBE42ABE257300417468;
			remoteInfo = "balda-2";
		};
		5FF796FE2B00F30B00D8437D /* PBXContainerItemProxy */ = {
			isa = PBXContainerItemProxy;
			containerPortal = 5F23FBDD2ABE257300417468 /* Project object */;
			proxyType = 1;
			remoteGlobalIDString = 5FF796E42B00F30900D8437D;
			remoteInfo = 1234456;
		};
		5FF797082B00F30B00D8437D /* PBXContainerItemProxy */ = {
			isa = PBXContainerItemProxy;
			containerPortal = 5F23FBDD2ABE257300417468 /* Project object */;
			proxyType = 1;
			remoteGlobalIDString = 5FF796E42B00F30900D8437D;
			remoteInfo = 1234456;
		};
/* End PBXContainerItemProxy section */

/* Begin PBXFileReference section */
		5F220D462C06451A003E70C7 /* Nunito-ExtraBold.ttf */ = {isa = PBXFileReference; lastKnownFileType = file; path = "Nunito-ExtraBold.ttf"; sourceTree = "<group>"; };
		5F23FBE52ABE257300417468 /* Balda.app */ = {isa = PBXFileReference; explicitFileType = wrapper.application; includeInIndex = 0; path = Balda.app; sourceTree = BUILT_PRODUCTS_DIR; };
		5F23FBE82ABE257300417468 /* AppDelegate.swift */ = {isa = PBXFileReference; lastKnownFileType = sourcecode.swift; path = AppDelegate.swift; sourceTree = "<group>"; };
		5F23FBEA2ABE257300417468 /* GameScene.sks */ = {isa = PBXFileReference; lastKnownFileType = file.sks; path = GameScene.sks; sourceTree = "<group>"; };
		5F23FBEC2ABE257300417468 /* Actions.sks */ = {isa = PBXFileReference; lastKnownFileType = file.sks; path = Actions.sks; sourceTree = "<group>"; };
		5F23FBEE2ABE257300417468 /* GameScene.swift */ = {isa = PBXFileReference; lastKnownFileType = sourcecode.swift; path = GameScene.swift; sourceTree = "<group>"; };
		5F23FBF02ABE257300417468 /* GameViewController.swift */ = {isa = PBXFileReference; lastKnownFileType = sourcecode.swift; path = GameViewController.swift; sourceTree = "<group>"; };
		5F23FBF32ABE257300417468 /* Base */ = {isa = PBXFileReference; lastKnownFileType = file.storyboard; name = Base; path = Base.lproj/Main.storyboard; sourceTree = "<group>"; };
		5F23FBF52ABE257400417468 /* Assets.xcassets */ = {isa = PBXFileReference; lastKnownFileType = folder.assetcatalog; path = Assets.xcassets; sourceTree = "<group>"; };
		5F23FBF82ABE257400417468 /* Base */ = {isa = PBXFileReference; lastKnownFileType = file.storyboard; name = Base; path = Base.lproj/LaunchScreen.storyboard; sourceTree = "<group>"; };
		5F23FBFE2ABE257400417468 /* balda-2Tests.xctest */ = {isa = PBXFileReference; explicitFileType = wrapper.cfbundle; includeInIndex = 0; path = "balda-2Tests.xctest"; sourceTree = BUILT_PRODUCTS_DIR; };
		5F23FC022ABE257400417468 /* balda_2Tests.swift */ = {isa = PBXFileReference; lastKnownFileType = sourcecode.swift; path = balda_2Tests.swift; sourceTree = "<group>"; };
		5F23FC082ABE257400417468 /* balda-2UITests.xctest */ = {isa = PBXFileReference; explicitFileType = wrapper.cfbundle; includeInIndex = 0; path = "balda-2UITests.xctest"; sourceTree = BUILT_PRODUCTS_DIR; };
		5F23FC0C2ABE257400417468 /* balda_2UITests.swift */ = {isa = PBXFileReference; lastKnownFileType = sourcecode.swift; path = balda_2UITests.swift; sourceTree = "<group>"; };
		5F23FC0E2ABE257400417468 /* balda_2UITestsLaunchTests.swift */ = {isa = PBXFileReference; lastKnownFileType = sourcecode.swift; path = balda_2UITestsLaunchTests.swift; sourceTree = "<group>"; };
		5F23FC1B2ABE280100417468 /* CustomView.swift */ = {isa = PBXFileReference; lastKnownFileType = sourcecode.swift; path = CustomView.swift; sourceTree = "<group>"; };
		5F32948F2BE7B379006DF3D1 /* Wrapper.swift */ = {isa = PBXFileReference; lastKnownFileType = sourcecode.swift; path = Wrapper.swift; sourceTree = "<group>"; };
		5F34A72C2B1368F800CFFA3D /* OvalTextLabel.swift */ = {isa = PBXFileReference; lastKnownFileType = sourcecode.swift; path = OvalTextLabel.swift; sourceTree = "<group>"; };
		5F3946AB2AE9924700C8C648 /* ScoreBoard.swift */ = {isa = PBXFileReference; lastKnownFileType = sourcecode.swift; path = ScoreBoard.swift; sourceTree = "<group>"; };
		5F4D8DF02C023FB200A19896 /* UserDialog.swift */ = {isa = PBXFileReference; lastKnownFileType = sourcecode.swift; path = UserDialog.swift; sourceTree = "<group>"; };
		5F5ABE542BF0FD8E00CC4688 /* balda.xcstrings */ = {isa = PBXFileReference; lastKnownFileType = text.json.xcstrings; path = balda.xcstrings; sourceTree = "<group>"; };
		5F5ABE562BF1033700CC4688 /* Info.plist */ = {isa = PBXFileReference; lastKnownFileType = text.plist; path = Info.plist; sourceTree = "<group>"; };
		5F8231F12BFB462B005BF53B /* UIImageExt.swift */ = {isa = PBXFileReference; lastKnownFileType = sourcecode.swift; path = UIImageExt.swift; sourceTree = "<group>"; };
		5F967F082AF6E7FD00F49502 /* StartMenuViewConvtroller.swift */ = {isa = PBXFileReference; lastKnownFileType = sourcecode.swift; path = StartMenuViewConvtroller.swift; sourceTree = "<group>"; };
		5F967F0A2B00CD5200F49502 /* HintWindow.swift */ = {isa = PBXFileReference; lastKnownFileType = sourcecode.swift; path = HintWindow.swift; sourceTree = "<group>"; };
		5FA8D4E92AD0B52D0003C97A /* GameState.swift */ = {isa = PBXFileReference; lastKnownFileType = sourcecode.swift; path = GameState.swift; sourceTree = "<group>"; };
		5FA8D4EB2AD289550003C97A /* BottomPanelView.swift */ = {isa = PBXFileReference; lastKnownFileType = sourcecode.swift; path = BottomPanelView.swift; sourceTree = "<group>"; };
		5FC87BEE2ABF7C2200C9D0AC /* GridView.swift */ = {isa = PBXFileReference; lastKnownFileType = sourcecode.swift; path = GridView.swift; sourceTree = "<group>"; };
		5FC87BF02ABF7CBE00C9D0AC /* Game.swift */ = {isa = PBXFileReference; lastKnownFileType = sourcecode.swift; path = Game.swift; sourceTree = "<group>"; };
		5FC87BF22ABF839A00C9D0AC /* LetterKeyboardView.swift */ = {isa = PBXFileReference; lastKnownFileType = sourcecode.swift; path = LetterKeyboardView.swift; sourceTree = "<group>"; };
		5FC87BF42AC4446000C9D0AC /* Words.swift */ = {isa = PBXFileReference; lastKnownFileType = sourcecode.swift; path = Words.swift; sourceTree = "<group>"; };
		5FC87BF62AC4AF6D00C9D0AC /* Search.swift */ = {isa = PBXFileReference; lastKnownFileType = sourcecode.swift; path = Search.swift; sourceTree = "<group>"; };
		5FC87BF82AC4AFD600C9D0AC /* Constants.swift */ = {isa = PBXFileReference; lastKnownFileType = sourcecode.swift; path = Constants.swift; sourceTree = "<group>"; };
		5FC87BFA2AC8A97800C9D0AC /* CompOpponent.swift */ = {isa = PBXFileReference; lastKnownFileType = sourcecode.swift; path = CompOpponent.swift; sourceTree = "<group>"; };
		5FC87BFC2AC9F3E600C9D0AC /* LocalOpponent.swift */ = {isa = PBXFileReference; lastKnownFileType = sourcecode.swift; path = LocalOpponent.swift; sourceTree = "<group>"; };
		5FC87BFE2AC9F43600C9D0AC /* Opponent.swift */ = {isa = PBXFileReference; lastKnownFileType = sourcecode.swift; path = Opponent.swift; sourceTree = "<group>"; };
		5FF6D5862BDE4C0800E160E9 /* Score.swift */ = {isa = PBXFileReference; lastKnownFileType = sourcecode.swift; path = Score.swift; sourceTree = "<group>"; };
		5FF796E52B00F30900D8437D /* 1234456.app */ = {isa = PBXFileReference; explicitFileType = wrapper.application; includeInIndex = 0; path = 1234456.app; sourceTree = BUILT_PRODUCTS_DIR; };
		5FF796E72B00F30A00D8437D /* AppDelegate.swift */ = {isa = PBXFileReference; lastKnownFileType = sourcecode.swift; path = AppDelegate.swift; sourceTree = "<group>"; };
		5FF796E92B00F30A00D8437D /* GameScene.sks */ = {isa = PBXFileReference; lastKnownFileType = file.sks; path = GameScene.sks; sourceTree = "<group>"; };
		5FF796EB2B00F30A00D8437D /* Actions.sks */ = {isa = PBXFileReference; lastKnownFileType = file.sks; path = Actions.sks; sourceTree = "<group>"; };
		5FF796ED2B00F30A00D8437D /* GameScene.swift */ = {isa = PBXFileReference; lastKnownFileType = sourcecode.swift; path = GameScene.swift; sourceTree = "<group>"; };
		5FF796EF2B00F30A00D8437D /* GameViewController.swift */ = {isa = PBXFileReference; lastKnownFileType = sourcecode.swift; path = GameViewController.swift; sourceTree = "<group>"; };
		5FF796F22B00F30A00D8437D /* Base */ = {isa = PBXFileReference; lastKnownFileType = file.storyboard; name = Base; path = Base.lproj/Main.storyboard; sourceTree = "<group>"; };
		5FF796F42B00F30B00D8437D /* Assets.xcassets */ = {isa = PBXFileReference; lastKnownFileType = folder.assetcatalog; path = Assets.xcassets; sourceTree = "<group>"; };
		5FF796F72B00F30B00D8437D /* Base */ = {isa = PBXFileReference; lastKnownFileType = file.storyboard; name = Base; path = Base.lproj/LaunchScreen.storyboard; sourceTree = "<group>"; };
		5FF796FD2B00F30B00D8437D /* 1234456Tests.xctest */ = {isa = PBXFileReference; explicitFileType = wrapper.cfbundle; includeInIndex = 0; path = 1234456Tests.xctest; sourceTree = BUILT_PRODUCTS_DIR; };
		5FF797012B00F30B00D8437D /* _234456Tests.swift */ = {isa = PBXFileReference; lastKnownFileType = sourcecode.swift; path = _234456Tests.swift; sourceTree = "<group>"; };
		5FF797072B00F30B00D8437D /* 1234456UITests.xctest */ = {isa = PBXFileReference; explicitFileType = wrapper.cfbundle; includeInIndex = 0; path = 1234456UITests.xctest; sourceTree = BUILT_PRODUCTS_DIR; };
		5FF7970B2B00F30B00D8437D /* _234456UITests.swift */ = {isa = PBXFileReference; lastKnownFileType = sourcecode.swift; path = _234456UITests.swift; sourceTree = "<group>"; };
		5FF7970D2B00F30B00D8437D /* _234456UITestsLaunchTests.swift */ = {isa = PBXFileReference; lastKnownFileType = sourcecode.swift; path = _234456UITestsLaunchTests.swift; sourceTree = "<group>"; };
		5FFC5A5A2BF884F700FF4DB4 /* Localized.swift */ = {isa = PBXFileReference; lastKnownFileType = sourcecode.swift; path = Localized.swift; sourceTree = "<group>"; };
		5FFCD0AF2BED145400031A77 /* UIColor.swift */ = {isa = PBXFileReference; lastKnownFileType = sourcecode.swift; path = UIColor.swift; sourceTree = "<group>"; };
/* End PBXFileReference section */

/* Begin PBXFrameworksBuildPhase section */
		5F23FBE22ABE257300417468 /* Frameworks */ = {
			isa = PBXFrameworksBuildPhase;
			buildActionMask = 2147483647;
			files = (
			);
			runOnlyForDeploymentPostprocessing = 0;
		};
		5F23FBFB2ABE257400417468 /* Frameworks */ = {
			isa = PBXFrameworksBuildPhase;
			buildActionMask = 2147483647;
			files = (
			);
			runOnlyForDeploymentPostprocessing = 0;
		};
		5F23FC052ABE257400417468 /* Frameworks */ = {
			isa = PBXFrameworksBuildPhase;
			buildActionMask = 2147483647;
			files = (
			);
			runOnlyForDeploymentPostprocessing = 0;
		};
		5FF796E22B00F30900D8437D /* Frameworks */ = {
			isa = PBXFrameworksBuildPhase;
			buildActionMask = 2147483647;
			files = (
			);
			runOnlyForDeploymentPostprocessing = 0;
		};
		5FF796FA2B00F30B00D8437D /* Frameworks */ = {
			isa = PBXFrameworksBuildPhase;
			buildActionMask = 2147483647;
			files = (
			);
			runOnlyForDeploymentPostprocessing = 0;
		};
		5FF797042B00F30B00D8437D /* Frameworks */ = {
			isa = PBXFrameworksBuildPhase;
			buildActionMask = 2147483647;
			files = (
			);
			runOnlyForDeploymentPostprocessing = 0;
		};
/* End PBXFrameworksBuildPhase section */

/* Begin PBXGroup section */
		5F23FBDC2ABE257300417468 = {
			isa = PBXGroup;
			children = (
				5F23FBE72ABE257300417468 /* balda-2 */,
				5F23FC012ABE257400417468 /* balda-2Tests */,
				5F23FC0B2ABE257400417468 /* balda-2UITests */,
				5FF796E62B00F30A00D8437D /* 1234456 */,
				5FF797002B00F30B00D8437D /* 1234456Tests */,
				5FF7970A2B00F30B00D8437D /* 1234456UITests */,
				5F23FBE62ABE257300417468 /* Products */,
			);
			sourceTree = "<group>";
		};
		5F23FBE62ABE257300417468 /* Products */ = {
			isa = PBXGroup;
			children = (
				5F23FBE52ABE257300417468 /* Balda.app */,
				5F23FBFE2ABE257400417468 /* balda-2Tests.xctest */,
				5F23FC082ABE257400417468 /* balda-2UITests.xctest */,
				5FF796E52B00F30900D8437D /* 1234456.app */,
				5FF796FD2B00F30B00D8437D /* 1234456Tests.xctest */,
				5FF797072B00F30B00D8437D /* 1234456UITests.xctest */,
			);
			name = Products;
			sourceTree = "<group>";
		};
		5F23FBE72ABE257300417468 /* balda-2 */ = {
			isa = PBXGroup;
			children = (
				5F5ABE562BF1033700CC4688 /* Info.plist */,
				5F4D8DF02C023FB200A19896 /* UserDialog.swift */,
				5F5ABE542BF0FD8E00CC4688 /* balda.xcstrings */,
				5F23FBE82ABE257300417468 /* AppDelegate.swift */,
				5F23FBEA2ABE257300417468 /* GameScene.sks */,
				5F23FBEC2ABE257300417468 /* Actions.sks */,
				5F23FBEE2ABE257300417468 /* GameScene.swift */,
				5F23FBF02ABE257300417468 /* GameViewController.swift */,
				5F23FBF22ABE257300417468 /* Main.storyboard */,
				5F23FBF52ABE257400417468 /* Assets.xcassets */,
				5F23FBF72ABE257400417468 /* LaunchScreen.storyboard */,
				5F23FC1B2ABE280100417468 /* CustomView.swift */,
				5FC87BEE2ABF7C2200C9D0AC /* GridView.swift */,
				5FC87BF02ABF7CBE00C9D0AC /* Game.swift */,
				5FC87BF22ABF839A00C9D0AC /* LetterKeyboardView.swift */,
				5FC87BF42AC4446000C9D0AC /* Words.swift */,
				5FC87BF62AC4AF6D00C9D0AC /* Search.swift */,
				5FC87BF82AC4AFD600C9D0AC /* Constants.swift */,
				5FC87BFA2AC8A97800C9D0AC /* CompOpponent.swift */,
				5FC87BFC2AC9F3E600C9D0AC /* LocalOpponent.swift */,
				5FC87BFE2AC9F43600C9D0AC /* Opponent.swift */,
				5F220D462C06451A003E70C7 /* Nunito-ExtraBold.ttf */,
				5FA8D4E92AD0B52D0003C97A /* GameState.swift */,
				5FA8D4EB2AD289550003C97A /* BottomPanelView.swift */,
				5F3946AB2AE9924700C8C648 /* ScoreBoard.swift */,
				5F967F082AF6E7FD00F49502 /* StartMenuViewConvtroller.swift */,
				5F967F0A2B00CD5200F49502 /* HintWindow.swift */,
				5F34A72C2B1368F800CFFA3D /* OvalTextLabel.swift */,
				5FF6D5862BDE4C0800E160E9 /* Score.swift */,
				5F32948F2BE7B379006DF3D1 /* Wrapper.swift */,
				5FFCD0AF2BED145400031A77 /* UIColor.swift */,
				5FFC5A5A2BF884F700FF4DB4 /* Localized.swift */,
				5F8231F12BFB462B005BF53B /* UIImageExt.swift */,
			);
			path = "balda-2";
			sourceTree = "<group>";
		};
		5F23FC012ABE257400417468 /* balda-2Tests */ = {
			isa = PBXGroup;
			children = (
				5F23FC022ABE257400417468 /* balda_2Tests.swift */,
			);
			path = "balda-2Tests";
			sourceTree = "<group>";
		};
		5F23FC0B2ABE257400417468 /* balda-2UITests */ = {
			isa = PBXGroup;
			children = (
				5F23FC0C2ABE257400417468 /* balda_2UITests.swift */,
				5F23FC0E2ABE257400417468 /* balda_2UITestsLaunchTests.swift */,
			);
			path = "balda-2UITests";
			sourceTree = "<group>";
		};
		5FF796E62B00F30A00D8437D /* 1234456 */ = {
			isa = PBXGroup;
			children = (
				5FF796E72B00F30A00D8437D /* AppDelegate.swift */,
				5FF796E92B00F30A00D8437D /* GameScene.sks */,
				5FF796EB2B00F30A00D8437D /* Actions.sks */,
				5FF796ED2B00F30A00D8437D /* GameScene.swift */,
				5FF796EF2B00F30A00D8437D /* GameViewController.swift */,
				5FF796F12B00F30A00D8437D /* Main.storyboard */,
				5FF796F42B00F30B00D8437D /* Assets.xcassets */,
				5FF796F62B00F30B00D8437D /* LaunchScreen.storyboard */,
			);
			path = 1234456;
			sourceTree = "<group>";
		};
		5FF797002B00F30B00D8437D /* 1234456Tests */ = {
			isa = PBXGroup;
			children = (
				5FF797012B00F30B00D8437D /* _234456Tests.swift */,
			);
			path = 1234456Tests;
			sourceTree = "<group>";
		};
		5FF7970A2B00F30B00D8437D /* 1234456UITests */ = {
			isa = PBXGroup;
			children = (
				5FF7970B2B00F30B00D8437D /* _234456UITests.swift */,
				5FF7970D2B00F30B00D8437D /* _234456UITestsLaunchTests.swift */,
			);
			path = 1234456UITests;
			sourceTree = "<group>";
		};
/* End PBXGroup section */

/* Begin PBXNativeTarget section */
		5F23FBE42ABE257300417468 /* balda-2 */ = {
			isa = PBXNativeTarget;
			buildConfigurationList = 5F23FC122ABE257400417468 /* Build configuration list for PBXNativeTarget "balda-2" */;
			buildPhases = (
				5F23FBE12ABE257300417468 /* Sources */,
				5F23FBE22ABE257300417468 /* Frameworks */,
				5F23FBE32ABE257300417468 /* Resources */,
			);
			buildRules = (
			);
			dependencies = (
			);
			name = "balda-2";
			productName = "balda-2";
			productReference = 5F23FBE52ABE257300417468 /* Balda.app */;
			productType = "com.apple.product-type.application";
		};
		5F23FBFD2ABE257400417468 /* balda-2Tests */ = {
			isa = PBXNativeTarget;
			buildConfigurationList = 5F23FC152ABE257400417468 /* Build configuration list for PBXNativeTarget "balda-2Tests" */;
			buildPhases = (
				5F23FBFA2ABE257400417468 /* Sources */,
				5F23FBFB2ABE257400417468 /* Frameworks */,
				5F23FBFC2ABE257400417468 /* Resources */,
			);
			buildRules = (
			);
			dependencies = (
				5F23FC002ABE257400417468 /* PBXTargetDependency */,
			);
			name = "balda-2Tests";
			productName = "balda-2Tests";
			productReference = 5F23FBFE2ABE257400417468 /* balda-2Tests.xctest */;
			productType = "com.apple.product-type.bundle.unit-test";
		};
		5F23FC072ABE257400417468 /* balda-2UITests */ = {
			isa = PBXNativeTarget;
			buildConfigurationList = 5F23FC182ABE257400417468 /* Build configuration list for PBXNativeTarget "balda-2UITests" */;
			buildPhases = (
				5F23FC042ABE257400417468 /* Sources */,
				5F23FC052ABE257400417468 /* Frameworks */,
				5F23FC062ABE257400417468 /* Resources */,
			);
			buildRules = (
			);
			dependencies = (
				5F23FC0A2ABE257400417468 /* PBXTargetDependency */,
			);
			name = "balda-2UITests";
			productName = "balda-2UITests";
			productReference = 5F23FC082ABE257400417468 /* balda-2UITests.xctest */;
			productType = "com.apple.product-type.bundle.ui-testing";
		};
		5FF796E42B00F30900D8437D /* 1234456 */ = {
			isa = PBXNativeTarget;
			buildConfigurationList = 5FF7970F2B00F30B00D8437D /* Build configuration list for PBXNativeTarget "1234456" */;
			buildPhases = (
				5FF796E12B00F30900D8437D /* Sources */,
				5FF796E22B00F30900D8437D /* Frameworks */,
				5FF796E32B00F30900D8437D /* Resources */,
			);
			buildRules = (
			);
			dependencies = (
			);
			name = 1234456;
			productName = 1234456;
			productReference = 5FF796E52B00F30900D8437D /* 1234456.app */;
			productType = "com.apple.product-type.application";
		};
		5FF796FC2B00F30B00D8437D /* 1234456Tests */ = {
			isa = PBXNativeTarget;
			buildConfigurationList = 5FF797122B00F30B00D8437D /* Build configuration list for PBXNativeTarget "1234456Tests" */;
			buildPhases = (
				5FF796F92B00F30B00D8437D /* Sources */,
				5FF796FA2B00F30B00D8437D /* Frameworks */,
				5FF796FB2B00F30B00D8437D /* Resources */,
			);
			buildRules = (
			);
			dependencies = (
				5FF796FF2B00F30B00D8437D /* PBXTargetDependency */,
			);
			name = 1234456Tests;
			productName = 1234456Tests;
			productReference = 5FF796FD2B00F30B00D8437D /* 1234456Tests.xctest */;
			productType = "com.apple.product-type.bundle.unit-test";
		};
		5FF797062B00F30B00D8437D /* 1234456UITests */ = {
			isa = PBXNativeTarget;
			buildConfigurationList = 5FF797152B00F30B00D8437D /* Build configuration list for PBXNativeTarget "1234456UITests" */;
			buildPhases = (
				5FF797032B00F30B00D8437D /* Sources */,
				5FF797042B00F30B00D8437D /* Frameworks */,
				5FF797052B00F30B00D8437D /* Resources */,
			);
			buildRules = (
			);
			dependencies = (
				5FF797092B00F30B00D8437D /* PBXTargetDependency */,
			);
			name = 1234456UITests;
			productName = 1234456UITests;
			productReference = 5FF797072B00F30B00D8437D /* 1234456UITests.xctest */;
			productType = "com.apple.product-type.bundle.ui-testing";
		};
/* End PBXNativeTarget section */

/* Begin PBXProject section */
		5F23FBDD2ABE257300417468 /* Project object */ = {
			isa = PBXProject;
			attributes = {
				BuildIndependentTargetsInParallel = 1;
				LastSwiftUpdateCheck = 1500;
				LastUpgradeCheck = 1430;
				TargetAttributes = {
					5F23FBE42ABE257300417468 = {
						CreatedOnToolsVersion = 14.3.1;
					};
					5F23FBFD2ABE257400417468 = {
						CreatedOnToolsVersion = 14.3.1;
						TestTargetID = 5F23FBE42ABE257300417468;
					};
					5F23FC072ABE257400417468 = {
						CreatedOnToolsVersion = 14.3.1;
						TestTargetID = 5F23FBE42ABE257300417468;
					};
					5FF796E42B00F30900D8437D = {
						CreatedOnToolsVersion = 15.0.1;
					};
					5FF796FC2B00F30B00D8437D = {
						CreatedOnToolsVersion = 15.0.1;
						TestTargetID = 5FF796E42B00F30900D8437D;
					};
					5FF797062B00F30B00D8437D = {
						CreatedOnToolsVersion = 15.0.1;
						TestTargetID = 5FF796E42B00F30900D8437D;
					};
				};
			};
			buildConfigurationList = 5F23FBE02ABE257300417468 /* Build configuration list for PBXProject "balda-2" */;
			compatibilityVersion = "Xcode 14.0";
			developmentRegion = en;
			hasScannedForEncodings = 0;
			knownRegions = (
				en,
				Base,
				ru,
				de,
			);
			mainGroup = 5F23FBDC2ABE257300417468;
			productRefGroup = 5F23FBE62ABE257300417468 /* Products */;
			projectDirPath = "";
			projectRoot = "";
			targets = (
				5F23FBE42ABE257300417468 /* balda-2 */,
				5F23FBFD2ABE257400417468 /* balda-2Tests */,
				5F23FC072ABE257400417468 /* balda-2UITests */,
				5FF796E42B00F30900D8437D /* 1234456 */,
				5FF796FC2B00F30B00D8437D /* 1234456Tests */,
				5FF797062B00F30B00D8437D /* 1234456UITests */,
			);
		};
/* End PBXProject section */

/* Begin PBXResourcesBuildPhase section */
		5F23FBE32ABE257300417468 /* Resources */ = {
			isa = PBXResourcesBuildPhase;
			buildActionMask = 2147483647;
			files = (
				5F23FBF42ABE257300417468 /* Main.storyboard in Resources */,
				5F23FBEB2ABE257300417468 /* GameScene.sks in Resources */,
				5F23FBF62ABE257400417468 /* Assets.xcassets in Resources */,
				5F23FBF92ABE257400417468 /* LaunchScreen.storyboard in Resources */,
				5F5ABE552BF0FD8E00CC4688 /* balda.xcstrings in Resources */,
				5F23FBED2ABE257300417468 /* Actions.sks in Resources */,
				5F220D472C06451A003E70C7 /* Nunito-ExtraBold.ttf in Resources */,
			);
			runOnlyForDeploymentPostprocessing = 0;
		};
		5F23FBFC2ABE257400417468 /* Resources */ = {
			isa = PBXResourcesBuildPhase;
			buildActionMask = 2147483647;
			files = (
			);
			runOnlyForDeploymentPostprocessing = 0;
		};
		5F23FC062ABE257400417468 /* Resources */ = {
			isa = PBXResourcesBuildPhase;
			buildActionMask = 2147483647;
			files = (
			);
			runOnlyForDeploymentPostprocessing = 0;
		};
		5FF796E32B00F30900D8437D /* Resources */ = {
			isa = PBXResourcesBuildPhase;
			buildActionMask = 2147483647;
			files = (
				5FF796F32B00F30A00D8437D /* Main.storyboard in Resources */,
				5FF796EA2B00F30A00D8437D /* GameScene.sks in Resources */,
				5FF796F52B00F30B00D8437D /* Assets.xcassets in Resources */,
				5FF796F82B00F30B00D8437D /* LaunchScreen.storyboard in Resources */,
				5FF796EC2B00F30A00D8437D /* Actions.sks in Resources */,
			);
			runOnlyForDeploymentPostprocessing = 0;
		};
		5FF796FB2B00F30B00D8437D /* Resources */ = {
			isa = PBXResourcesBuildPhase;
			buildActionMask = 2147483647;
			files = (
			);
			runOnlyForDeploymentPostprocessing = 0;
		};
		5FF797052B00F30B00D8437D /* Resources */ = {
			isa = PBXResourcesBuildPhase;
			buildActionMask = 2147483647;
			files = (
			);
			runOnlyForDeploymentPostprocessing = 0;
		};
/* End PBXResourcesBuildPhase section */

/* Begin PBXSourcesBuildPhase section */
		5F23FBE12ABE257300417468 /* Sources */ = {
			isa = PBXSourcesBuildPhase;
			buildActionMask = 2147483647;
			files = (
				5FC87BF72AC4AF6D00C9D0AC /* Search.swift in Sources */,
				5F23FBEF2ABE257300417468 /* GameScene.swift in Sources */,
				5FC87BF12ABF7CBE00C9D0AC /* Game.swift in Sources */,
				5F4D8DF12C023FB200A19896 /* UserDialog.swift in Sources */,
				5FC87BF32ABF839A00C9D0AC /* LetterKeyboardView.swift in Sources */,
				5F23FC1C2ABE280100417468 /* CustomView.swift in Sources */,
				5F8231F22BFB462B005BF53B /* UIImageExt.swift in Sources */,
				5FC87BF92AC4AFD600C9D0AC /* Constants.swift in Sources */,
				5FC87BFB2AC8A97800C9D0AC /* CompOpponent.swift in Sources */,
				5FFCD0B02BED145400031A77 /* UIColor.swift in Sources */,
				5FA8D4EA2AD0B52D0003C97A /* GameState.swift in Sources */,
				5F23FBF12ABE257300417468 /* GameViewController.swift in Sources */,
				5FC87BFD2AC9F3E600C9D0AC /* LocalOpponent.swift in Sources */,
				5F34A72D2B1368F800CFFA3D /* OvalTextLabel.swift in Sources */,
				5F3294902BE7B379006DF3D1 /* Wrapper.swift in Sources */,
				5F967F092AF6E7FD00F49502 /* StartMenuViewConvtroller.swift in Sources */,
				5FA8D4EC2AD289550003C97A /* BottomPanelView.swift in Sources */,
				5FC87BFF2AC9F43600C9D0AC /* Opponent.swift in Sources */,
				5FF6D5872BDE4C0800E160E9 /* Score.swift in Sources */,
				5FC87BF52AC4446000C9D0AC /* Words.swift in Sources */,
				5F967F0B2B00CD5200F49502 /* HintWindow.swift in Sources */,
				5FC87BEF2ABF7C2200C9D0AC /* GridView.swift in Sources */,
				5F23FBE92ABE257300417468 /* AppDelegate.swift in Sources */,
				5FFC5A5B2BF884F700FF4DB4 /* Localized.swift in Sources */,
				5F3946AC2AE9924700C8C648 /* ScoreBoard.swift in Sources */,
			);
			runOnlyForDeploymentPostprocessing = 0;
		};
		5F23FBFA2ABE257400417468 /* Sources */ = {
			isa = PBXSourcesBuildPhase;
			buildActionMask = 2147483647;
			files = (
				5F23FC032ABE257400417468 /* balda_2Tests.swift in Sources */,
			);
			runOnlyForDeploymentPostprocessing = 0;
		};
		5F23FC042ABE257400417468 /* Sources */ = {
			isa = PBXSourcesBuildPhase;
			buildActionMask = 2147483647;
			files = (
				5F23FC0F2ABE257400417468 /* balda_2UITestsLaunchTests.swift in Sources */,
				5F23FC0D2ABE257400417468 /* balda_2UITests.swift in Sources */,
			);
			runOnlyForDeploymentPostprocessing = 0;
		};
		5FF796E12B00F30900D8437D /* Sources */ = {
			isa = PBXSourcesBuildPhase;
			buildActionMask = 2147483647;
			files = (
				5FF796EE2B00F30A00D8437D /* GameScene.swift in Sources */,
				5FF796F02B00F30A00D8437D /* GameViewController.swift in Sources */,
				5FF796E82B00F30A00D8437D /* AppDelegate.swift in Sources */,
			);
			runOnlyForDeploymentPostprocessing = 0;
		};
		5FF796F92B00F30B00D8437D /* Sources */ = {
			isa = PBXSourcesBuildPhase;
			buildActionMask = 2147483647;
			files = (
				5FF797022B00F30B00D8437D /* _234456Tests.swift in Sources */,
			);
			runOnlyForDeploymentPostprocessing = 0;
		};
		5FF797032B00F30B00D8437D /* Sources */ = {
			isa = PBXSourcesBuildPhase;
			buildActionMask = 2147483647;
			files = (
				5FF7970E2B00F30B00D8437D /* _234456UITestsLaunchTests.swift in Sources */,
				5FF7970C2B00F30B00D8437D /* _234456UITests.swift in Sources */,
			);
			runOnlyForDeploymentPostprocessing = 0;
		};
/* End PBXSourcesBuildPhase section */

/* Begin PBXTargetDependency section */
		5F23FC002ABE257400417468 /* PBXTargetDependency */ = {
			isa = PBXTargetDependency;
			target = 5F23FBE42ABE257300417468 /* balda-2 */;
			targetProxy = 5F23FBFF2ABE257400417468 /* PBXContainerItemProxy */;
		};
		5F23FC0A2ABE257400417468 /* PBXTargetDependency */ = {
			isa = PBXTargetDependency;
			target = 5F23FBE42ABE257300417468 /* balda-2 */;
			targetProxy = 5F23FC092ABE257400417468 /* PBXContainerItemProxy */;
		};
		5FF796FF2B00F30B00D8437D /* PBXTargetDependency */ = {
			isa = PBXTargetDependency;
			target = 5FF796E42B00F30900D8437D /* 1234456 */;
			targetProxy = 5FF796FE2B00F30B00D8437D /* PBXContainerItemProxy */;
		};
		5FF797092B00F30B00D8437D /* PBXTargetDependency */ = {
			isa = PBXTargetDependency;
			target = 5FF796E42B00F30900D8437D /* 1234456 */;
			targetProxy = 5FF797082B00F30B00D8437D /* PBXContainerItemProxy */;
		};
/* End PBXTargetDependency section */

/* Begin PBXVariantGroup section */
		5F23FBF22ABE257300417468 /* Main.storyboard */ = {
			isa = PBXVariantGroup;
			children = (
				5F23FBF32ABE257300417468 /* Base */,
			);
			name = Main.storyboard;
			sourceTree = "<group>";
		};
		5F23FBF72ABE257400417468 /* LaunchScreen.storyboard */ = {
			isa = PBXVariantGroup;
			children = (
				5F23FBF82ABE257400417468 /* Base */,
			);
			name = LaunchScreen.storyboard;
			sourceTree = "<group>";
		};
		5FF796F12B00F30A00D8437D /* Main.storyboard */ = {
			isa = PBXVariantGroup;
			children = (
				5FF796F22B00F30A00D8437D /* Base */,
			);
			name = Main.storyboard;
			sourceTree = "<group>";
		};
		5FF796F62B00F30B00D8437D /* LaunchScreen.storyboard */ = {
			isa = PBXVariantGroup;
			children = (
				5FF796F72B00F30B00D8437D /* Base */,
			);
			name = LaunchScreen.storyboard;
			sourceTree = "<group>";
		};
/* End PBXVariantGroup section */

/* Begin XCBuildConfiguration section */
		5F23FC102ABE257400417468 /* Debug */ = {
			isa = XCBuildConfiguration;
			buildSettings = {
				ALWAYS_SEARCH_USER_PATHS = NO;
				CLANG_ANALYZER_NONNULL = YES;
				CLANG_ANALYZER_NUMBER_OBJECT_CONVERSION = YES_AGGRESSIVE;
				CLANG_CXX_LANGUAGE_STANDARD = "gnu++20";
				CLANG_ENABLE_MODULES = YES;
				CLANG_ENABLE_OBJC_ARC = YES;
				CLANG_ENABLE_OBJC_WEAK = YES;
				CLANG_WARN_BLOCK_CAPTURE_AUTORELEASING = YES;
				CLANG_WARN_BOOL_CONVERSION = YES;
				CLANG_WARN_COMMA = YES;
				CLANG_WARN_CONSTANT_CONVERSION = YES;
				CLANG_WARN_DEPRECATED_OBJC_IMPLEMENTATIONS = YES;
				CLANG_WARN_DIRECT_OBJC_ISA_USAGE = YES_ERROR;
				CLANG_WARN_DOCUMENTATION_COMMENTS = YES;
				CLANG_WARN_EMPTY_BODY = YES;
				CLANG_WARN_ENUM_CONVERSION = YES;
				CLANG_WARN_INFINITE_RECURSION = YES;
				CLANG_WARN_INT_CONVERSION = YES;
				CLANG_WARN_NON_LITERAL_NULL_CONVERSION = YES;
				CLANG_WARN_OBJC_IMPLICIT_RETAIN_SELF = YES;
				CLANG_WARN_OBJC_LITERAL_CONVERSION = YES;
				CLANG_WARN_OBJC_ROOT_CLASS = YES_ERROR;
				CLANG_WARN_QUOTED_INCLUDE_IN_FRAMEWORK_HEADER = YES;
				CLANG_WARN_RANGE_LOOP_ANALYSIS = YES;
				CLANG_WARN_STRICT_PROTOTYPES = YES;
				CLANG_WARN_SUSPICIOUS_MOVE = YES;
				CLANG_WARN_UNGUARDED_AVAILABILITY = YES_AGGRESSIVE;
				CLANG_WARN_UNREACHABLE_CODE = YES;
				CLANG_WARN__DUPLICATE_METHOD_MATCH = YES;
				COPY_PHASE_STRIP = NO;
				DEBUG_INFORMATION_FORMAT = dwarf;
				ENABLE_STRICT_OBJC_MSGSEND = YES;
				ENABLE_TESTABILITY = YES;
				GCC_C_LANGUAGE_STANDARD = gnu11;
				GCC_DYNAMIC_NO_PIC = NO;
				GCC_NO_COMMON_BLOCKS = YES;
				GCC_OPTIMIZATION_LEVEL = 0;
				GCC_PREPROCESSOR_DEFINITIONS = (
					"DEBUG=1",
					"$(inherited)",
				);
				GCC_WARN_64_TO_32_BIT_CONVERSION = YES;
				GCC_WARN_ABOUT_RETURN_TYPE = YES_ERROR;
				GCC_WARN_UNDECLARED_SELECTOR = YES;
				GCC_WARN_UNINITIALIZED_AUTOS = YES_AGGRESSIVE;
				GCC_WARN_UNUSED_FUNCTION = YES;
				GCC_WARN_UNUSED_VARIABLE = YES;
				IPHONEOS_DEPLOYMENT_TARGET = 15.0;
				MTL_ENABLE_DEBUG_INFO = INCLUDE_SOURCE;
				MTL_FAST_MATH = YES;
				NEW_SETTING = "";
				ONLY_ACTIVE_ARCH = NO;
				SDKROOT = iphoneos;
				SWIFT_ACTIVE_COMPILATION_CONDITIONS = DEBUG;
				SWIFT_OPTIMIZATION_LEVEL = "-Onone";
			};
			name = Debug;
		};
		5F23FC112ABE257400417468 /* Release */ = {
			isa = XCBuildConfiguration;
			buildSettings = {
				ALWAYS_SEARCH_USER_PATHS = NO;
				CLANG_ANALYZER_NONNULL = YES;
				CLANG_ANALYZER_NUMBER_OBJECT_CONVERSION = YES_AGGRESSIVE;
				CLANG_CXX_LANGUAGE_STANDARD = "gnu++20";
				CLANG_ENABLE_MODULES = YES;
				CLANG_ENABLE_OBJC_ARC = YES;
				CLANG_ENABLE_OBJC_WEAK = YES;
				CLANG_WARN_BLOCK_CAPTURE_AUTORELEASING = YES;
				CLANG_WARN_BOOL_CONVERSION = YES;
				CLANG_WARN_COMMA = YES;
				CLANG_WARN_CONSTANT_CONVERSION = YES;
				CLANG_WARN_DEPRECATED_OBJC_IMPLEMENTATIONS = YES;
				CLANG_WARN_DIRECT_OBJC_ISA_USAGE = YES_ERROR;
				CLANG_WARN_DOCUMENTATION_COMMENTS = YES;
				CLANG_WARN_EMPTY_BODY = YES;
				CLANG_WARN_ENUM_CONVERSION = YES;
				CLANG_WARN_INFINITE_RECURSION = YES;
				CLANG_WARN_INT_CONVERSION = YES;
				CLANG_WARN_NON_LITERAL_NULL_CONVERSION = YES;
				CLANG_WARN_OBJC_IMPLICIT_RETAIN_SELF = YES;
				CLANG_WARN_OBJC_LITERAL_CONVERSION = YES;
				CLANG_WARN_OBJC_ROOT_CLASS = YES_ERROR;
				CLANG_WARN_QUOTED_INCLUDE_IN_FRAMEWORK_HEADER = YES;
				CLANG_WARN_RANGE_LOOP_ANALYSIS = YES;
				CLANG_WARN_STRICT_PROTOTYPES = YES;
				CLANG_WARN_SUSPICIOUS_MOVE = YES;
				CLANG_WARN_UNGUARDED_AVAILABILITY = YES_AGGRESSIVE;
				CLANG_WARN_UNREACHABLE_CODE = YES;
				CLANG_WARN__DUPLICATE_METHOD_MATCH = YES;
				COPY_PHASE_STRIP = NO;
				DEBUG_INFORMATION_FORMAT = "dwarf-with-dsym";
				ENABLE_NS_ASSERTIONS = NO;
				ENABLE_STRICT_OBJC_MSGSEND = YES;
				GCC_C_LANGUAGE_STANDARD = gnu11;
				GCC_NO_COMMON_BLOCKS = YES;
				GCC_WARN_64_TO_32_BIT_CONVERSION = YES;
				GCC_WARN_ABOUT_RETURN_TYPE = YES_ERROR;
				GCC_WARN_UNDECLARED_SELECTOR = YES;
				GCC_WARN_UNINITIALIZED_AUTOS = YES_AGGRESSIVE;
				GCC_WARN_UNUSED_FUNCTION = YES;
				GCC_WARN_UNUSED_VARIABLE = YES;
				IPHONEOS_DEPLOYMENT_TARGET = 15.0;
				MTL_ENABLE_DEBUG_INFO = NO;
				MTL_FAST_MATH = YES;
				NEW_SETTING = "";
				ONLY_ACTIVE_ARCH = NO;
				SDKROOT = iphoneos;
				SWIFT_COMPILATION_MODE = wholemodule;
				SWIFT_OPTIMIZATION_LEVEL = "-O";
				VALIDATE_PRODUCT = YES;
			};
			name = Release;
		};
		5F23FC132ABE257400417468 /* Debug */ = {
			isa = XCBuildConfiguration;
			buildSettings = {
				ASSETCATALOG_COMPILER_APPICON_NAME = AppIcon;
				ASSETCATALOG_COMPILER_GLOBAL_ACCENT_COLOR_NAME = AccentColor;
				CODE_SIGN_STYLE = Automatic;
				CURRENT_PROJECT_VERSION = 1;
				DEVELOPMENT_TEAM = XRK5J4A7KJ;
				GENERATE_INFOPLIST_FILE = YES;
				INFOPLIST_FILE = "balda-2/Info.plist";
				INFOPLIST_KEY_LSApplicationCategoryType = "";
				INFOPLIST_KEY_UIApplicationSupportsIndirectInputEvents = YES;
				INFOPLIST_KEY_UILaunchStoryboardName = LaunchScreen.storyboard;
				INFOPLIST_KEY_UIMainStoryboardFile = Main;
				INFOPLIST_KEY_UIStatusBarHidden = YES;
				INFOPLIST_KEY_UISupportedInterfaceOrientations = UIInterfaceOrientationPortrait;
				IPHONEOS_DEPLOYMENT_TARGET = 17.0;
				LD_RUNPATH_SEARCH_PATHS = (
					"$(inherited)",
					"@executable_path/Frameworks",
				);
				MACOSX_DEPLOYMENT_TARGET = 13.5;
				MARKETING_VERSION = 1.0;
				PRODUCT_BUNDLE_IDENTIFIER = "yahito.balda-2";
				PRODUCT_NAME = Balda;
				SUPPORTED_PLATFORMS = "iphoneos iphonesimulator macosx";
				SUPPORTS_MACCATALYST = NO;
				SUPPORTS_MAC_DESIGNED_FOR_IPHONE_IPAD = NO;
				SWIFT_EMIT_LOC_STRINGS = YES;
				SWIFT_VERSION = 5.0;
				TARGETED_DEVICE_FAMILY = "1,2";
			};
			name = Debug;
		};
		5F23FC142ABE257400417468 /* Release */ = {
			isa = XCBuildConfiguration;
			buildSettings = {
				ASSETCATALOG_COMPILER_APPICON_NAME = AppIcon;
				ASSETCATALOG_COMPILER_GLOBAL_ACCENT_COLOR_NAME = AccentColor;
				CODE_SIGN_STYLE = Automatic;
				CURRENT_PROJECT_VERSION = 1;
				DEVELOPMENT_TEAM = XRK5J4A7KJ;
				GENERATE_INFOPLIST_FILE = YES;
				INFOPLIST_FILE = "balda-2/Info.plist";
				INFOPLIST_KEY_LSApplicationCategoryType = "";
				INFOPLIST_KEY_UIApplicationSupportsIndirectInputEvents = YES;
				INFOPLIST_KEY_UILaunchStoryboardName = LaunchScreen.storyboard;
				INFOPLIST_KEY_UIMainStoryboardFile = Main;
				INFOPLIST_KEY_UIStatusBarHidden = YES;
				INFOPLIST_KEY_UISupportedInterfaceOrientations = UIInterfaceOrientationPortrait;
				IPHONEOS_DEPLOYMENT_TARGET = 17.0;
				LD_RUNPATH_SEARCH_PATHS = (
					"$(inherited)",
					"@executable_path/Frameworks",
				);
				MACOSX_DEPLOYMENT_TARGET = 13.5;
				MARKETING_VERSION = 1.0;
				PRODUCT_BUNDLE_IDENTIFIER = "yahito.balda-2";
				PRODUCT_NAME = Balda;
				SUPPORTED_PLATFORMS = "iphoneos iphonesimulator macosx";
				SUPPORTS_MACCATALYST = NO;
				SUPPORTS_MAC_DESIGNED_FOR_IPHONE_IPAD = NO;
				SWIFT_EMIT_LOC_STRINGS = YES;
				SWIFT_VERSION = 5.0;
				TARGETED_DEVICE_FAMILY = "1,2";
			};
			name = Release;
		};
		5F23FC162ABE257400417468 /* Debug */ = {
			isa = XCBuildConfiguration;
			buildSettings = {
				ALWAYS_EMBED_SWIFT_STANDARD_LIBRARIES = YES;
				BUNDLE_LOADER = "$(TEST_HOST)";
				CODE_SIGN_STYLE = Automatic;
				CURRENT_PROJECT_VERSION = 1;
				GENERATE_INFOPLIST_FILE = YES;
				IPHONEOS_DEPLOYMENT_TARGET = 16.4;
				MARKETING_VERSION = 1.0;
				PRODUCT_BUNDLE_IDENTIFIER = "yahito.balda-2Tests";
				PRODUCT_NAME = "$(TARGET_NAME)";
				SWIFT_EMIT_LOC_STRINGS = NO;
				SWIFT_VERSION = 5.0;
				TARGETED_DEVICE_FAMILY = "1,2";
				TEST_HOST = "$(BUILT_PRODUCTS_DIR)/balda-2.app/$(BUNDLE_EXECUTABLE_FOLDER_PATH)/balda-2";
			};
			name = Debug;
		};
		5F23FC172ABE257400417468 /* Release */ = {
			isa = XCBuildConfiguration;
			buildSettings = {
				ALWAYS_EMBED_SWIFT_STANDARD_LIBRARIES = YES;
				BUNDLE_LOADER = "$(TEST_HOST)";
				CODE_SIGN_STYLE = Automatic;
				CURRENT_PROJECT_VERSION = 1;
				GENERATE_INFOPLIST_FILE = YES;
				IPHONEOS_DEPLOYMENT_TARGET = 16.4;
				MARKETING_VERSION = 1.0;
				PRODUCT_BUNDLE_IDENTIFIER = "yahito.balda-2Tests";
				PRODUCT_NAME = "$(TARGET_NAME)";
				SWIFT_EMIT_LOC_STRINGS = NO;
				SWIFT_VERSION = 5.0;
				TARGETED_DEVICE_FAMILY = "1,2";
				TEST_HOST = "$(BUILT_PRODUCTS_DIR)/balda-2.app/$(BUNDLE_EXECUTABLE_FOLDER_PATH)/balda-2";
			};
			name = Release;
		};
		5F23FC192ABE257400417468 /* Debug */ = {
			isa = XCBuildConfiguration;
			buildSettings = {
				ALWAYS_EMBED_SWIFT_STANDARD_LIBRARIES = YES;
				CODE_SIGN_STYLE = Automatic;
				CURRENT_PROJECT_VERSION = 1;
				GENERATE_INFOPLIST_FILE = YES;
				MARKETING_VERSION = 1.0;
				PRODUCT_BUNDLE_IDENTIFIER = "yahito.balda-2UITests";
				PRODUCT_NAME = "$(TARGET_NAME)";
				SWIFT_EMIT_LOC_STRINGS = NO;
				SWIFT_VERSION = 5.0;
				TARGETED_DEVICE_FAMILY = "1,2";
				TEST_TARGET_NAME = "balda-2";
			};
			name = Debug;
		};
		5F23FC1A2ABE257400417468 /* Release */ = {
			isa = XCBuildConfiguration;
			buildSettings = {
				ALWAYS_EMBED_SWIFT_STANDARD_LIBRARIES = YES;
				CODE_SIGN_STYLE = Automatic;
				CURRENT_PROJECT_VERSION = 1;
				GENERATE_INFOPLIST_FILE = YES;
				MARKETING_VERSION = 1.0;
				PRODUCT_BUNDLE_IDENTIFIER = "yahito.balda-2UITests";
				PRODUCT_NAME = "$(TARGET_NAME)";
				SWIFT_EMIT_LOC_STRINGS = NO;
				SWIFT_VERSION = 5.0;
				TARGETED_DEVICE_FAMILY = "1,2";
				TEST_TARGET_NAME = "balda-2";
			};
			name = Release;
		};
		5FF797102B00F30B00D8437D /* Debug */ = {
			isa = XCBuildConfiguration;
			buildSettings = {
				ASSETCATALOG_COMPILER_APPICON_NAME = AppIcon;
				ASSETCATALOG_COMPILER_GENERATE_SWIFT_ASSET_SYMBOL_EXTENSIONS = YES;
				ASSETCATALOG_COMPILER_GLOBAL_ACCENT_COLOR_NAME = AccentColor;
				CODE_SIGN_STYLE = Automatic;
				CURRENT_PROJECT_VERSION = 1;
				ENABLE_USER_SCRIPT_SANDBOXING = YES;
				GCC_C_LANGUAGE_STANDARD = gnu17;
				GENERATE_INFOPLIST_FILE = YES;
				INFOPLIST_KEY_UIApplicationSupportsIndirectInputEvents = YES;
				INFOPLIST_KEY_UILaunchStoryboardName = LaunchScreen;
				INFOPLIST_KEY_UIMainStoryboardFile = Main;
				INFOPLIST_KEY_UIStatusBarHidden = YES;
				INFOPLIST_KEY_UISupportedInterfaceOrientations_iPad = "UIInterfaceOrientationPortrait UIInterfaceOrientationPortraitUpsideDown UIInterfaceOrientationLandscapeLeft UIInterfaceOrientationLandscapeRight";
				INFOPLIST_KEY_UISupportedInterfaceOrientations_iPhone = "UIInterfaceOrientationPortrait UIInterfaceOrientationLandscapeLeft UIInterfaceOrientationLandscapeRight";
				IPHONEOS_DEPLOYMENT_TARGET = 15.0;
				LD_RUNPATH_SEARCH_PATHS = (
					"$(inherited)",
					"@executable_path/Frameworks",
				);
				LOCALIZATION_PREFERS_STRING_CATALOGS = YES;
				MARKETING_VERSION = 1.0;
				ONLY_ACTIVE_ARCH = YES;
				PRODUCT_BUNDLE_IDENTIFIER = "yahito.-234456";
				PRODUCT_NAME = "$(TARGET_NAME)";
				SWIFT_ACTIVE_COMPILATION_CONDITIONS = "DEBUG $(inherited)";
				SWIFT_EMIT_LOC_STRINGS = YES;
				SWIFT_VERSION = 5.0;
				TARGETED_DEVICE_FAMILY = "1,2";
			};
			name = Debug;
		};
		5FF797112B00F30B00D8437D /* Release */ = {
			isa = XCBuildConfiguration;
			buildSettings = {
				ASSETCATALOG_COMPILER_APPICON_NAME = AppIcon;
				ASSETCATALOG_COMPILER_GENERATE_SWIFT_ASSET_SYMBOL_EXTENSIONS = YES;
				ASSETCATALOG_COMPILER_GLOBAL_ACCENT_COLOR_NAME = AccentColor;
				CODE_SIGN_STYLE = Automatic;
				CURRENT_PROJECT_VERSION = 1;
				ENABLE_USER_SCRIPT_SANDBOXING = YES;
				GCC_C_LANGUAGE_STANDARD = gnu17;
				GENERATE_INFOPLIST_FILE = YES;
				INFOPLIST_KEY_UIApplicationSupportsIndirectInputEvents = YES;
				INFOPLIST_KEY_UILaunchStoryboardName = LaunchScreen;
				INFOPLIST_KEY_UIMainStoryboardFile = Main;
				INFOPLIST_KEY_UIStatusBarHidden = YES;
				INFOPLIST_KEY_UISupportedInterfaceOrientations_iPad = "UIInterfaceOrientationPortrait UIInterfaceOrientationPortraitUpsideDown UIInterfaceOrientationLandscapeLeft UIInterfaceOrientationLandscapeRight";
				INFOPLIST_KEY_UISupportedInterfaceOrientations_iPhone = "UIInterfaceOrientationPortrait UIInterfaceOrientationLandscapeLeft UIInterfaceOrientationLandscapeRight";
				IPHONEOS_DEPLOYMENT_TARGET = 15.0;
				LD_RUNPATH_SEARCH_PATHS = (
					"$(inherited)",
					"@executable_path/Frameworks",
				);
				LOCALIZATION_PREFERS_STRING_CATALOGS = YES;
				MARKETING_VERSION = 1.0;
				PRODUCT_BUNDLE_IDENTIFIER = "yahito.-234456";
				PRODUCT_NAME = "$(TARGET_NAME)";
				SWIFT_EMIT_LOC_STRINGS = YES;
				SWIFT_VERSION = 5.0;
				TARGETED_DEVICE_FAMILY = "1,2";
			};
			name = Release;
		};
		5FF797132B00F30B00D8437D /* Debug */ = {
			isa = XCBuildConfiguration;
			buildSettings = {
				ALWAYS_EMBED_SWIFT_STANDARD_LIBRARIES = YES;
				ASSETCATALOG_COMPILER_GENERATE_SWIFT_ASSET_SYMBOL_EXTENSIONS = YES;
				BUNDLE_LOADER = "$(TEST_HOST)";
				CODE_SIGN_STYLE = Automatic;
				CURRENT_PROJECT_VERSION = 1;
				ENABLE_USER_SCRIPT_SANDBOXING = YES;
				GCC_C_LANGUAGE_STANDARD = gnu17;
				GENERATE_INFOPLIST_FILE = YES;
				IPHONEOS_DEPLOYMENT_TARGET = 17.0;
				LOCALIZATION_PREFERS_STRING_CATALOGS = YES;
				MARKETING_VERSION = 1.0;
				ONLY_ACTIVE_ARCH = YES;
				PRODUCT_BUNDLE_IDENTIFIER = "yahito.-234456Tests";
				PRODUCT_NAME = "$(TARGET_NAME)";
				SWIFT_ACTIVE_COMPILATION_CONDITIONS = "DEBUG $(inherited)";
				SWIFT_EMIT_LOC_STRINGS = NO;
				SWIFT_VERSION = 5.0;
				TARGETED_DEVICE_FAMILY = "1,2";
				TEST_HOST = "$(BUILT_PRODUCTS_DIR)/1234456.app/$(BUNDLE_EXECUTABLE_FOLDER_PATH)/1234456";
			};
			name = Debug;
		};
		5FF797142B00F30B00D8437D /* Release */ = {
			isa = XCBuildConfiguration;
			buildSettings = {
				ALWAYS_EMBED_SWIFT_STANDARD_LIBRARIES = YES;
				ASSETCATALOG_COMPILER_GENERATE_SWIFT_ASSET_SYMBOL_EXTENSIONS = YES;
				BUNDLE_LOADER = "$(TEST_HOST)";
				CODE_SIGN_STYLE = Automatic;
				CURRENT_PROJECT_VERSION = 1;
				ENABLE_USER_SCRIPT_SANDBOXING = YES;
				GCC_C_LANGUAGE_STANDARD = gnu17;
				GENERATE_INFOPLIST_FILE = YES;
				IPHONEOS_DEPLOYMENT_TARGET = 17.0;
				LOCALIZATION_PREFERS_STRING_CATALOGS = YES;
				MARKETING_VERSION = 1.0;
				PRODUCT_BUNDLE_IDENTIFIER = "yahito.-234456Tests";
				PRODUCT_NAME = "$(TARGET_NAME)";
				SWIFT_EMIT_LOC_STRINGS = NO;
				SWIFT_VERSION = 5.0;
				TARGETED_DEVICE_FAMILY = "1,2";
				TEST_HOST = "$(BUILT_PRODUCTS_DIR)/1234456.app/$(BUNDLE_EXECUTABLE_FOLDER_PATH)/1234456";
			};
			name = Release;
		};
		5FF797162B00F30B00D8437D /* Debug */ = {
			isa = XCBuildConfiguration;
			buildSettings = {
				ALWAYS_EMBED_SWIFT_STANDARD_LIBRARIES = YES;
				ASSETCATALOG_COMPILER_GENERATE_SWIFT_ASSET_SYMBOL_EXTENSIONS = YES;
				CODE_SIGN_STYLE = Automatic;
				CURRENT_PROJECT_VERSION = 1;
				ENABLE_USER_SCRIPT_SANDBOXING = YES;
				GCC_C_LANGUAGE_STANDARD = gnu17;
				GENERATE_INFOPLIST_FILE = YES;
				IPHONEOS_DEPLOYMENT_TARGET = 15.0;
				LOCALIZATION_PREFERS_STRING_CATALOGS = YES;
				MARKETING_VERSION = 1.0;
				ONLY_ACTIVE_ARCH = YES;
				PRODUCT_BUNDLE_IDENTIFIER = "yahito.-234456UITests";
				PRODUCT_NAME = "$(TARGET_NAME)";
				SWIFT_ACTIVE_COMPILATION_CONDITIONS = "DEBUG $(inherited)";
				SWIFT_EMIT_LOC_STRINGS = NO;
				SWIFT_VERSION = 5.0;
				TARGETED_DEVICE_FAMILY = "1,2";
				TEST_TARGET_NAME = 1234456;
			};
			name = Debug;
		};
		5FF797172B00F30B00D8437D /* Release */ = {
			isa = XCBuildConfiguration;
			buildSettings = {
				ALWAYS_EMBED_SWIFT_STANDARD_LIBRARIES = YES;
				ASSETCATALOG_COMPILER_GENERATE_SWIFT_ASSET_SYMBOL_EXTENSIONS = YES;
				CODE_SIGN_STYLE = Automatic;
				CURRENT_PROJECT_VERSION = 1;
				ENABLE_USER_SCRIPT_SANDBOXING = YES;
				GCC_C_LANGUAGE_STANDARD = gnu17;
				GENERATE_INFOPLIST_FILE = YES;
				IPHONEOS_DEPLOYMENT_TARGET = 15.0;
				LOCALIZATION_PREFERS_STRING_CATALOGS = YES;
				MARKETING_VERSION = 1.0;
				PRODUCT_BUNDLE_IDENTIFIER = "yahito.-234456UITests";
				PRODUCT_NAME = "$(TARGET_NAME)";
				SWIFT_EMIT_LOC_STRINGS = NO;
				SWIFT_VERSION = 5.0;
				TARGETED_DEVICE_FAMILY = "1,2";
				TEST_TARGET_NAME = 1234456;
			};
			name = Release;
		};
/* End XCBuildConfiguration section */

/* Begin XCConfigurationList section */
		5F23FBE02ABE257300417468 /* Build configuration list for PBXProject "balda-2" */ = {
			isa = XCConfigurationList;
			buildConfigurations = (
				5F23FC102ABE257400417468 /* Debug */,
				5F23FC112ABE257400417468 /* Release */,
			);
			defaultConfigurationIsVisible = 0;
			defaultConfigurationName = Release;
		};
		5F23FC122ABE257400417468 /* Build configuration list for PBXNativeTarget "balda-2" */ = {
			isa = XCConfigurationList;
			buildConfigurations = (
				5F23FC132ABE257400417468 /* Debug */,
				5F23FC142ABE257400417468 /* Release */,
			);
			defaultConfigurationIsVisible = 0;
			defaultConfigurationName = Release;
		};
		5F23FC152ABE257400417468 /* Build configuration list for PBXNativeTarget "balda-2Tests" */ = {
			isa = XCConfigurationList;
			buildConfigurations = (
				5F23FC162ABE257400417468 /* Debug */,
				5F23FC172ABE257400417468 /* Release */,
			);
			defaultConfigurationIsVisible = 0;
			defaultConfigurationName = Release;
		};
		5F23FC182ABE257400417468 /* Build configuration list for PBXNativeTarget "balda-2UITests" */ = {
			isa = XCConfigurationList;
			buildConfigurations = (
				5F23FC192ABE257400417468 /* Debug */,
				5F23FC1A2ABE257400417468 /* Release */,
			);
			defaultConfigurationIsVisible = 0;
			defaultConfigurationName = Release;
		};
		5FF7970F2B00F30B00D8437D /* Build configuration list for PBXNativeTarget "1234456" */ = {
			isa = XCConfigurationList;
			buildConfigurations = (
				5FF797102B00F30B00D8437D /* Debug */,
				5FF797112B00F30B00D8437D /* Release */,
			);
			defaultConfigurationIsVisible = 0;
			defaultConfigurationName = Release;
		};
		5FF797122B00F30B00D8437D /* Build configuration list for PBXNativeTarget "1234456Tests" */ = {
			isa = XCConfigurationList;
			buildConfigurations = (
				5FF797132B00F30B00D8437D /* Debug */,
				5FF797142B00F30B00D8437D /* Release */,
			);
			defaultConfigurationIsVisible = 0;
			defaultConfigurationName = Release;
		};
		5FF797152B00F30B00D8437D /* Build configuration list for PBXNativeTarget "1234456UITests" */ = {
			isa = XCConfigurationList;
			buildConfigurations = (
				5FF797162B00F30B00D8437D /* Debug */,
				5FF797172B00F30B00D8437D /* Release */,
			);
			defaultConfigurationIsVisible = 0;
			defaultConfigurationName = Release;
		};
/* End XCConfigurationList section */
	};
	rootObject = 5F23FBDD2ABE257300417468 /* Project object */;
}
